// !$*UTF8*$!
{
	archiveVersion = 1;
	classes = {
	};
	objectVersion = 46;
	objects = {

/* Begin PBXBuildFile section */
		4D30913E1C193F0F005CBDF5 /* CoreGraphics.framework in Frameworks */ = {isa = PBXBuildFile; fileRef = 4D30913D1C193F0F005CBDF5 /* CoreGraphics.framework */; };
		4D3091401C193F25005CBDF5 /* Foundation.framework in Frameworks */ = {isa = PBXBuildFile; fileRef = 4D30913F1C193F25005CBDF5 /* Foundation.framework */; };
		4D3091421C193F38005CBDF5 /* UIKit.framework in Frameworks */ = {isa = PBXBuildFile; fileRef = 4D3091411C193F38005CBDF5 /* UIKit.framework */; };
		4D3091541C19425F005CBDF5 /* SyntaxTextView.m in Sources */ = {isa = PBXBuildFile; fileRef = 4D3091531C19425F005CBDF5 /* SyntaxTextView.m */; };
		4D3091571C19432D005CBDF5 /* LineNumberLayoutManager.m in Sources */ = {isa = PBXBuildFile; fileRef = 4D3091561C19432D005CBDF5 /* LineNumberLayoutManager.m */; };
		4D30915A1C194401005CBDF5 /* EditorView.m in Sources */ = {isa = PBXBuildFile; fileRef = 4D3091591C194401005CBDF5 /* EditorView.m */; };
		4D30915D1C1947C1005CBDF5 /* NSString+AttributedStringConversion.m in Sources */ = {isa = PBXBuildFile; fileRef = 4D30915C1C1947C1005CBDF5 /* NSString+AttributedStringConversion.m */; };
		4D832C1A1C16864D00913CE7 /* main.m in Sources */ = {isa = PBXBuildFile; fileRef = 4D832C191C16864D00913CE7 /* main.m */; };
		4D832C1D1C16864D00913CE7 /* AppDelegate.m in Sources */ = {isa = PBXBuildFile; fileRef = 4D832C1C1C16864D00913CE7 /* AppDelegate.m */; };
		4D832C201C16864D00913CE7 /* ViewController.m in Sources */ = {isa = PBXBuildFile; fileRef = 4D832C1F1C16864D00913CE7 /* ViewController.m */; };
		4D832C231C16864D00913CE7 /* Main.storyboard in Resources */ = {isa = PBXBuildFile; fileRef = 4D832C211C16864D00913CE7 /* Main.storyboard */; };
		4D832C251C16864D00913CE7 /* Assets.xcassets in Resources */ = {isa = PBXBuildFile; fileRef = 4D832C241C16864D00913CE7 /* Assets.xcassets */; };
		4D832C281C16864D00913CE7 /* LaunchScreen.storyboard in Resources */ = {isa = PBXBuildFile; fileRef = 4D832C261C16864D00913CE7 /* LaunchScreen.storyboard */; };
		4D832C411C169B0100913CE7 /* BuildViewController.m in Sources */ = {isa = PBXBuildFile; fileRef = 4D832C401C169B0100913CE7 /* BuildViewController.m */; };
/* End PBXBuildFile section */

/* Begin PBXFileReference section */
		4D30913D1C193F0F005CBDF5 /* CoreGraphics.framework */ = {isa = PBXFileReference; lastKnownFileType = wrapper.framework; name = CoreGraphics.framework; path = System/Library/Frameworks/CoreGraphics.framework; sourceTree = SDKROOT; };
		4D30913F1C193F25005CBDF5 /* Foundation.framework */ = {isa = PBXFileReference; lastKnownFileType = wrapper.framework; name = Foundation.framework; path = System/Library/Frameworks/Foundation.framework; sourceTree = SDKROOT; };
		4D3091411C193F38005CBDF5 /* UIKit.framework */ = {isa = PBXFileReference; lastKnownFileType = wrapper.framework; name = UIKit.framework; path = System/Library/Frameworks/UIKit.framework; sourceTree = SDKROOT; };
		4D3091521C19425F005CBDF5 /* SyntaxTextView.h */ = {isa = PBXFileReference; fileEncoding = 4; lastKnownFileType = sourcecode.c.h; path = SyntaxTextView.h; sourceTree = "<group>"; };
		4D3091531C19425F005CBDF5 /* SyntaxTextView.m */ = {isa = PBXFileReference; fileEncoding = 4; lastKnownFileType = sourcecode.c.objc; path = SyntaxTextView.m; sourceTree = "<group>"; };
		4D3091551C19432D005CBDF5 /* LineNumberLayoutManager.h */ = {isa = PBXFileReference; fileEncoding = 4; lastKnownFileType = sourcecode.c.h; path = LineNumberLayoutManager.h; sourceTree = "<group>"; };
		4D3091561C19432D005CBDF5 /* LineNumberLayoutManager.m */ = {isa = PBXFileReference; fileEncoding = 4; lastKnownFileType = sourcecode.c.objc; path = LineNumberLayoutManager.m; sourceTree = "<group>"; };
		4D3091581C194401005CBDF5 /* EditorView.h */ = {isa = PBXFileReference; fileEncoding = 4; lastKnownFileType = sourcecode.c.h; path = EditorView.h; sourceTree = "<group>"; };
		4D3091591C194401005CBDF5 /* EditorView.m */ = {isa = PBXFileReference; fileEncoding = 4; lastKnownFileType = sourcecode.c.objc; path = EditorView.m; sourceTree = "<group>"; };
		4D30915B1C1947C1005CBDF5 /* NSString+AttributedStringConversion.h */ = {isa = PBXFileReference; fileEncoding = 4; lastKnownFileType = sourcecode.c.h; path = "NSString+AttributedStringConversion.h"; sourceTree = "<group>"; };
		4D30915C1C1947C1005CBDF5 /* NSString+AttributedStringConversion.m */ = {isa = PBXFileReference; fileEncoding = 4; lastKnownFileType = sourcecode.c.objc; path = "NSString+AttributedStringConversion.m"; sourceTree = "<group>"; };
		4D832C151C16864D00913CE7 /* Python IDE.app */ = {isa = PBXFileReference; explicitFileType = wrapper.application; includeInIndex = 0; path = "Python IDE.app"; sourceTree = BUILT_PRODUCTS_DIR; };
		4D832C191C16864D00913CE7 /* main.m */ = {isa = PBXFileReference; lastKnownFileType = sourcecode.c.objc; path = main.m; sourceTree = "<group>"; };
		4D832C1B1C16864D00913CE7 /* AppDelegate.h */ = {isa = PBXFileReference; lastKnownFileType = sourcecode.c.h; path = AppDelegate.h; sourceTree = "<group>"; };
		4D832C1C1C16864D00913CE7 /* AppDelegate.m */ = {isa = PBXFileReference; lastKnownFileType = sourcecode.c.objc; path = AppDelegate.m; sourceTree = "<group>"; };
		4D832C1E1C16864D00913CE7 /* ViewController.h */ = {isa = PBXFileReference; lastKnownFileType = sourcecode.c.h; path = ViewController.h; sourceTree = "<group>"; };
		4D832C1F1C16864D00913CE7 /* ViewController.m */ = {isa = PBXFileReference; lastKnownFileType = sourcecode.c.objc; path = ViewController.m; sourceTree = "<group>"; };
		4D832C221C16864D00913CE7 /* Base */ = {isa = PBXFileReference; lastKnownFileType = file.storyboard; name = Base; path = Base.lproj/Main.storyboard; sourceTree = "<group>"; };
		4D832C241C16864D00913CE7 /* Assets.xcassets */ = {isa = PBXFileReference; lastKnownFileType = folder.assetcatalog; path = Assets.xcassets; sourceTree = "<group>"; };
		4D832C271C16864D00913CE7 /* Base */ = {isa = PBXFileReference; lastKnownFileType = file.storyboard; name = Base; path = Base.lproj/LaunchScreen.storyboard; sourceTree = "<group>"; };
		4D832C291C16864D00913CE7 /* Info.plist */ = {isa = PBXFileReference; lastKnownFileType = text.plist.xml; path = Info.plist; sourceTree = "<group>"; };
		4D832C3F1C169B0100913CE7 /* BuildViewController.h */ = {isa = PBXFileReference; fileEncoding = 4; lastKnownFileType = sourcecode.c.h; path = BuildViewController.h; sourceTree = "<group>"; };
		4D832C401C169B0100913CE7 /* BuildViewController.m */ = {isa = PBXFileReference; fileEncoding = 4; lastKnownFileType = sourcecode.c.objc; path = BuildViewController.m; sourceTree = "<group>"; };
/* End PBXFileReference section */

/* Begin PBXFrameworksBuildPhase section */
		4D832C121C16864D00913CE7 /* Frameworks */ = {
			isa = PBXFrameworksBuildPhase;
			buildActionMask = 2147483647;
			files = (
				4D30913E1C193F0F005CBDF5 /* CoreGraphics.framework in Frameworks */,
				4D3091401C193F25005CBDF5 /* Foundation.framework in Frameworks */,
				4D3091421C193F38005CBDF5 /* UIKit.framework in Frameworks */,
			);
			runOnlyForDeploymentPostprocessing = 0;
		};
/* End PBXFrameworksBuildPhase section */

/* Begin PBXGroup section */
		4D3091511C194203005CBDF5 /* SyntaxTextView */ = {
			isa = PBXGroup;
			children = (
				4D3091521C19425F005CBDF5 /* SyntaxTextView.h */,
				4D3091531C19425F005CBDF5 /* SyntaxTextView.m */,
				4D3091551C19432D005CBDF5 /* LineNumberLayoutManager.h */,
				4D3091561C19432D005CBDF5 /* LineNumberLayoutManager.m */,
				4D30915B1C1947C1005CBDF5 /* NSString+AttributedStringConversion.h */,
				4D30915C1C1947C1005CBDF5 /* NSString+AttributedStringConversion.m */,
			);
			path = SyntaxTextView;
			sourceTree = "<group>";
		};
		4D832C0C1C16864D00913CE7 = {
			isa = PBXGroup;
			children = (
				4D832C171C16864D00913CE7 /* Python IDE */,
				4D832C161C16864D00913CE7 /* Products */,
			);
			sourceTree = "<group>";
		};
		4D832C161C16864D00913CE7 /* Products */ = {
			isa = PBXGroup;
			children = (
				4D832C151C16864D00913CE7 /* Python IDE.app */,
			);
			name = Products;
			sourceTree = "<group>";
		};
		4D832C171C16864D00913CE7 /* Python IDE */ = {
			isa = PBXGroup;
			children = (
				4D832C1B1C16864D00913CE7 /* AppDelegate.h */,
				4D832C1C1C16864D00913CE7 /* AppDelegate.m */,
				4D3091581C194401005CBDF5 /* EditorView.h */,
				4D3091591C194401005CBDF5 /* EditorView.m */,
				4D832C1E1C16864D00913CE7 /* ViewController.h */,
				4D832C1F1C16864D00913CE7 /* ViewController.m */,
				4D832C3F1C169B0100913CE7 /* BuildViewController.h */,
				4D832C401C169B0100913CE7 /* BuildViewController.m */,
				4D832C211C16864D00913CE7 /* Main.storyboard */,
				4D832C241C16864D00913CE7 /* Assets.xcassets */,
				4D832C261C16864D00913CE7 /* LaunchScreen.storyboard */,
				4D832C291C16864D00913CE7 /* Info.plist */,
				4D3091511C194203005CBDF5 /* SyntaxTextView */,
				4D832C181C16864D00913CE7 /* Supporting Files */,
			);
			path = "Python IDE";
			sourceTree = "<group>";
		};
		4D832C181C16864D00913CE7 /* Supporting Files */ = {
			isa = PBXGroup;
			children = (
				4D832C191C16864D00913CE7 /* main.m */,
				4D30913D1C193F0F005CBDF5 /* CoreGraphics.framework */,
				4D30913F1C193F25005CBDF5 /* Foundation.framework */,
				4D3091411C193F38005CBDF5 /* UIKit.framework */,
			);
			name = "Supporting Files";
			sourceTree = "<group>";
		};
/* End PBXGroup section */

/* Begin PBXNativeTarget section */
		4D832C141C16864D00913CE7 /* Python IDE */ = {
			isa = PBXNativeTarget;
			buildConfigurationList = 4D832C2C1C16864D00913CE7 /* Build configuration list for PBXNativeTarget "Python IDE" */;
			buildPhases = (
				4D832C111C16864D00913CE7 /* Sources */,
				4D832C121C16864D00913CE7 /* Frameworks */,
				4D832C131C16864D00913CE7 /* Resources */,
			);
			buildRules = (
			);
			dependencies = (
			);
			name = "Python IDE";
			productName = "Python IDE";
			productReference = 4D832C151C16864D00913CE7 /* Python IDE.app */;
			productType = "com.apple.product-type.application";
		};
/* End PBXNativeTarget section */

/* Begin PBXProject section */
		4D832C0D1C16864D00913CE7 /* Project object */ = {
			isa = PBXProject;
			attributes = {
				LastUpgradeCheck = 0720;
				ORGANIZATIONNAME = "Justin Bush";
				TargetAttributes = {
					4D832C141C16864D00913CE7 = {
						CreatedOnToolsVersion = 7.2;
						DevelopmentTeam = 85N3S3DG8M;
					};
				};
			};
			buildConfigurationList = 4D832C101C16864D00913CE7 /* Build configuration list for PBXProject "Python IDE" */;
			compatibilityVersion = "Xcode 3.2";
			developmentRegion = English;
			hasScannedForEncodings = 0;
			knownRegions = (
				en,
				Base,
			);
			mainGroup = 4D832C0C1C16864D00913CE7;
			productRefGroup = 4D832C161C16864D00913CE7 /* Products */;
			projectDirPath = "";
			projectRoot = "";
			targets = (
				4D832C141C16864D00913CE7 /* Python IDE */,
			);
		};
/* End PBXProject section */

/* Begin PBXResourcesBuildPhase section */
		4D832C131C16864D00913CE7 /* Resources */ = {
			isa = PBXResourcesBuildPhase;
			buildActionMask = 2147483647;
			files = (
				4D832C281C16864D00913CE7 /* LaunchScreen.storyboard in Resources */,
				4D832C251C16864D00913CE7 /* Assets.xcassets in Resources */,
				4D832C231C16864D00913CE7 /* Main.storyboard in Resources */,
			);
			runOnlyForDeploymentPostprocessing = 0;
		};
/* End PBXResourcesBuildPhase section */

/* Begin PBXSourcesBuildPhase section */
		4D832C111C16864D00913CE7 /* Sources */ = {
			isa = PBXSourcesBuildPhase;
			buildActionMask = 2147483647;
			files = (
				4D30915D1C1947C1005CBDF5 /* NSString+AttributedStringConversion.m in Sources */,
				4D832C411C169B0100913CE7 /* BuildViewController.m in Sources */,
				4D3091541C19425F005CBDF5 /* SyntaxTextView.m in Sources */,
				4D832C201C16864D00913CE7 /* ViewController.m in Sources */,
				4D832C1D1C16864D00913CE7 /* AppDelegate.m in Sources */,
				4D30915A1C194401005CBDF5 /* EditorView.m in Sources */,
				4D3091571C19432D005CBDF5 /* LineNumberLayoutManager.m in Sources */,
				4D832C1A1C16864D00913CE7 /* main.m in Sources */,
			);
			runOnlyForDeploymentPostprocessing = 0;
		};
/* End PBXSourcesBuildPhase section */

/* Begin PBXVariantGroup section */
		4D832C211C16864D00913CE7 /* Main.storyboard */ = {
			isa = PBXVariantGroup;
			children = (
				4D832C221C16864D00913CE7 /* Base */,
			);
			name = Main.storyboard;
			sourceTree = "<group>";
		};
		4D832C261C16864D00913CE7 /* LaunchScreen.storyboard */ = {
			isa = PBXVariantGroup;
			children = (
				4D832C271C16864D00913CE7 /* Base */,
			);
			name = LaunchScreen.storyboard;
			sourceTree = "<group>";
		};
/* End PBXVariantGroup section */

/* Begin XCBuildConfiguration section */
		4D832C2A1C16864D00913CE7 /* Debug */ = {
			isa = XCBuildConfiguration;
			buildSettings = {
				ALWAYS_SEARCH_USER_PATHS = NO;
				CLANG_CXX_LANGUAGE_STANDARD = "gnu++0x";
				CLANG_CXX_LIBRARY = "libc++";
				CLANG_ENABLE_MODULES = YES;
				CLANG_ENABLE_OBJC_ARC = YES;
				CLANG_WARN_BOOL_CONVERSION = YES;
				CLANG_WARN_CONSTANT_CONVERSION = YES;
				CLANG_WARN_DIRECT_OBJC_ISA_USAGE = YES_ERROR;
				CLANG_WARN_EMPTY_BODY = YES;
				CLANG_WARN_ENUM_CONVERSION = YES;
				CLANG_WARN_INT_CONVERSION = YES;
				CLANG_WARN_OBJC_ROOT_CLASS = YES_ERROR;
				CLANG_WARN_UNREACHABLE_CODE = YES;
				CLANG_WARN__DUPLICATE_METHOD_MATCH = YES;
				"CODE_SIGN_IDENTITY[sdk=iphoneos*]" = "iPhone Developer";
				COPY_PHASE_STRIP = NO;
				DEBUG_INFORMATION_FORMAT = dwarf;
				ENABLE_STRICT_OBJC_MSGSEND = YES;
				ENABLE_TESTABILITY = YES;
				GCC_C_LANGUAGE_STANDARD = gnu99;
				GCC_DYNAMIC_NO_PIC = NO;
				GCC_NO_COMMON_BLOCKS = YES;
				GCC_OPTIMIZATION_LEVEL = 0;
				GCC_PREPROCESSOR_DEFINITIONS = (
					"DEBUG=1",
					"$(inherited)",
				);
				GCC_WARN_64_TO_32_BIT_CONVERSION = YES;
				GCC_WARN_ABOUT_RETURN_TYPE = YES_ERROR;
				GCC_WARN_UNDECLARED_SELECTOR = YES;
				GCC_WARN_UNINITIALIZED_AUTOS = YES_AGGRESSIVE;
				GCC_WARN_UNUSED_FUNCTION = YES;
				GCC_WARN_UNUSED_VARIABLE = YES;
				IPHONEOS_DEPLOYMENT_TARGET = 9.2;
				MTL_ENABLE_DEBUG_INFO = YES;
				ONLY_ACTIVE_ARCH = YES;
				SDKROOT = iphoneos;
				TARGETED_DEVICE_FAMILY = "1,2";
			};
			name = Debug;
		};
		4D832C2B1C16864D00913CE7 /* Release */ = {
			isa = XCBuildConfiguration;
			buildSettings = {
				ALWAYS_SEARCH_USER_PATHS = NO;
				CLANG_CXX_LANGUAGE_STANDARD = "gnu++0x";
				CLANG_CXX_LIBRARY = "libc++";
				CLANG_ENABLE_MODULES = YES;
				CLANG_ENABLE_OBJC_ARC = YES;
				CLANG_WARN_BOOL_CONVERSION = YES;
				CLANG_WARN_CONSTANT_CONVERSION = YES;
				CLANG_WARN_DIRECT_OBJC_ISA_USAGE = YES_ERROR;
				CLANG_WARN_EMPTY_BODY = YES;
				CLANG_WARN_ENUM_CONVERSION = YES;
				CLANG_WARN_INT_CONVERSION = YES;
				CLANG_WARN_OBJC_ROOT_CLASS = YES_ERROR;
				CLANG_WARN_UNREACHABLE_CODE = YES;
				CLANG_WARN__DUPLICATE_METHOD_MATCH = YES;
				"CODE_SIGN_IDENTITY[sdk=iphoneos*]" = "iPhone Developer";
				COPY_PHASE_STRIP = NO;
				DEBUG_INFORMATION_FORMAT = "dwarf-with-dsym";
				ENABLE_NS_ASSERTIONS = NO;
				ENABLE_STRICT_OBJC_MSGSEND = YES;
				GCC_C_LANGUAGE_STANDARD = gnu99;
				GCC_NO_COMMON_BLOCKS = YES;
				GCC_WARN_64_TO_32_BIT_CONVERSION = YES;
				GCC_WARN_ABOUT_RETURN_TYPE = YES_ERROR;
				GCC_WARN_UNDECLARED_SELECTOR = YES;
				GCC_WARN_UNINITIALIZED_AUTOS = YES_AGGRESSIVE;
				GCC_WARN_UNUSED_FUNCTION = YES;
				GCC_WARN_UNUSED_VARIABLE = YES;
				IPHONEOS_DEPLOYMENT_TARGET = 9.2;
				MTL_ENABLE_DEBUG_INFO = NO;
				SDKROOT = iphoneos;
				TARGETED_DEVICE_FAMILY = "1,2";
				VALIDATE_PRODUCT = YES;
			};
			name = Release;
		};
		4D832C2D1C16864D00913CE7 /* Debug */ = {
			isa = XCBuildConfiguration;
			buildSettings = {
				ASSETCATALOG_COMPILER_APPICON_NAME = AppIcon;
				ASSETCATALOG_COMPILER_LAUNCHIMAGE_NAME = "Brand Assets";
				CODE_SIGN_IDENTITY = "iPhone Developer";
				INFOPLIST_FILE = "Python IDE/Info.plist";
				IPHONEOS_DEPLOYMENT_TARGET = 7.0;
				LD_RUNPATH_SEARCH_PATHS = "$(inherited) @executable_path/Frameworks";
				PRODUCT_BUNDLE_IDENTIFIER = "com.revblaze.Python-IDE";
				PRODUCT_NAME = "$(TARGET_NAME)";
			};
			name = Debug;
		};
		4D832C2E1C16864D00913CE7 /* Release */ = {
			isa = XCBuildConfiguration;
			buildSettings = {
				ASSETCATALOG_COMPILER_APPICON_NAME = AppIcon;
				ASSETCATALOG_COMPILER_LAUNCHIMAGE_NAME = "Brand Assets";
				CODE_SIGN_IDENTITY = "iPhone Developer";
				INFOPLIST_FILE = "Python IDE/Info.plist";
				IPHONEOS_DEPLOYMENT_TARGET = 7.0;
				LD_RUNPATH_SEARCH_PATHS = "$(inherited) @executable_path/Frameworks";
				PRODUCT_BUNDLE_IDENTIFIER = "com.revblaze.Python-IDE";
				PRODUCT_NAME = "$(TARGET_NAME)";
			};
			name = Release;
		};
/* End XCBuildConfiguration section */

/* Begin XCConfigurationList section */
		4D832C101C16864D00913CE7 /* Build configuration list for PBXProject "Python IDE" */ = {
			isa = XCConfigurationList;
			buildConfigurations = (
				4D832C2A1C16864D00913CE7 /* Debug */,
				4D832C2B1C16864D00913CE7 /* Release */,
			);
			defaultConfigurationIsVisible = 0;
			defaultConfigurationName = Release;
		};
		4D832C2C1C16864D00913CE7 /* Build configuration list for PBXNativeTarget "Python IDE" */ = {
			isa = XCConfigurationList;
			buildConfigurations = (
				4D832C2D1C16864D00913CE7 /* Debug */,
				4D832C2E1C16864D00913CE7 /* Release */,
			);
			defaultConfigurationIsVisible = 0;
			defaultConfigurationName = Release;
		};
/* End XCConfigurationList section */
	};
	rootObject = 4D832C0D1C16864D00913CE7 /* Project object */;
}
